// !$*UTF8*$!
{
	archiveVersion = 1;
	classes = {
	};
	objectVersion = 50;
	objects = {

/* Begin PBXBuildFile section */
		5506A9E921AEC4FF0041965D /* AppDelegate.swift in Sources */ = {isa = PBXBuildFile; fileRef = 5506A9E821AEC4FF0041965D /* AppDelegate.swift */; };
		5506A9EB21AEC4FF0041965D /* ViewController.swift in Sources */ = {isa = PBXBuildFile; fileRef = 5506A9EA21AEC4FF0041965D /* ViewController.swift */; };
		5506A9EE21AEC4FF0041965D /* Main.storyboard in Resources */ = {isa = PBXBuildFile; fileRef = 5506A9EC21AEC4FF0041965D /* Main.storyboard */; };
		5506A9F021AEC5010041965D /* Assets.xcassets in Resources */ = {isa = PBXBuildFile; fileRef = 5506A9EF21AEC5010041965D /* Assets.xcassets */; };
		5506A9F321AEC5010041965D /* LaunchScreen.storyboard in Resources */ = {isa = PBXBuildFile; fileRef = 5506A9F121AEC5010041965D /* LaunchScreen.storyboard */; };
		5506A9FB21AEC5230041965D /* IMG_1305.jpg in Resources */ = {isa = PBXBuildFile; fileRef = 5506A9FA21AEC5220041965D /* IMG_1305.jpg */; };
		5506A9FD21AEC52C0041965D /* IMG_1302.jpg in Resources */ = {isa = PBXBuildFile; fileRef = 5506A9FC21AEC52C0041965D /* IMG_1302.jpg */; };
		5506A9FF21AEC5330041965D /* IMG_1298.jpg in Resources */ = {isa = PBXBuildFile; fileRef = 5506A9FE21AEC5320041965D /* IMG_1298.jpg */; };
/* End PBXBuildFile section */

/* Begin PBXFileReference section */
		5506A9E521AEC4FF0041965D /* sldeshowapp.app */ = {isa = PBXFileReference; explicitFileType = wrapper.application; includeInIndex = 0; path = sldeshowapp.app; sourceTree = BUILT_PRODUCTS_DIR; };
		5506A9E821AEC4FF0041965D /* AppDelegate.swift */ = {isa = PBXFileReference; lastKnownFileType = sourcecode.swift; path = AppDelegate.swift; sourceTree = "<group>"; };
		5506A9EA21AEC4FF0041965D /* ViewController.swift */ = {isa = PBXFileReference; lastKnownFileType = sourcecode.swift; path = ViewController.swift; sourceTree = "<group>"; };
		5506A9ED21AEC4FF0041965D /* Base */ = {isa = PBXFileReference; lastKnownFileType = file.storyboard; name = Base; path = Base.lproj/Main.storyboard; sourceTree = "<group>"; };
		5506A9EF21AEC5010041965D /* Assets.xcassets */ = {isa = PBXFileReference; lastKnownFileType = folder.assetcatalog; path = Assets.xcassets; sourceTree = "<group>"; };
		5506A9F221AEC5010041965D /* Base */ = {isa = PBXFileReference; lastKnownFileType = file.storyboard; name = Base; path = Base.lproj/LaunchScreen.storyboard; sourceTree = "<group>"; };
		5506A9F421AEC5010041965D /* Info.plist */ = {isa = PBXFileReference; lastKnownFileType = text.plist.xml; path = Info.plist; sourceTree = "<group>"; };
		5506A9FA21AEC5220041965D /* IMG_1305.jpg */ = {isa = PBXFileReference; lastKnownFileType = image.jpeg; path = IMG_1305.jpg; sourceTree = "<group>"; };
		5506A9FC21AEC52C0041965D /* IMG_1302.jpg */ = {isa = PBXFileReference; lastKnownFileType = image.jpeg; path = IMG_1302.jpg; sourceTree = "<group>"; };
		5506A9FE21AEC5320041965D /* IMG_1298.jpg */ = {isa = PBXFileReference; lastKnownFileType = image.jpeg; path = IMG_1298.jpg; sourceTree = "<group>"; };
/* End PBXFileReference section */

/* Begin PBXFrameworksBuildPhase section */
		5506A9E221AEC4FF0041965D /* Frameworks */ = {
			isa = PBXFrameworksBuildPhase;
			buildActionMask = 2147483647;
			files = (
			);
			runOnlyForDeploymentPostprocessing = 0;
		};
/* End PBXFrameworksBuildPhase section */

/* Begin PBXGroup section */
		5506A9DC21AEC4FF0041965D = {
			isa = PBXGroup;
			children = (
				5506A9E721AEC4FF0041965D /* sldeshowapp */,
				5506A9E621AEC4FF0041965D /* Products */,
			);
			sourceTree = "<group>";
		};
		5506A9E621AEC4FF0041965D /* Products */ = {
			isa = PBXGroup;
			children = (
				5506A9E521AEC4FF0041965D /* sldeshowapp.app */,
			);
			name = Products;
			sourceTree = "<group>";
		};
		5506A9E721AEC4FF0041965D /* sldeshowapp */ = {
			isa = PBXGroup;
			children = (
				5506A9E821AEC4FF0041965D /* AppDelegate.swift */,
				5506A9EA21AEC4FF0041965D /* ViewController.swift */,
				5506A9EC21AEC4FF0041965D /* Main.storyboard */,
				5506A9FE21AEC5320041965D /* IMG_1298.jpg */,
				5506A9FC21AEC52C0041965D /* IMG_1302.jpg */,
				5506A9FA21AEC5220041965D /* IMG_1305.jpg */,
				5506A9EF21AEC5010041965D /* Assets.xcassets */,
				5506A9F121AEC5010041965D /* LaunchScreen.storyboard */,
				5506A9F421AEC5010041965D /* Info.plist */,
			);
			path = sldeshowapp;
			sourceTree = "<group>";
		};
/* End PBXGroup section */

/* Begin PBXNativeTarget section */
		5506A9E421AEC4FF0041965D /* sldeshowapp */ = {
			isa = PBXNativeTarget;
			buildConfigurationList = 5506A9F721AEC5010041965D /* Build configuration list for PBXNativeTarget "sldeshowapp" */;
			buildPhases = (
				5506A9E121AEC4FF0041965D /* Sources */,
				5506A9E221AEC4FF0041965D /* Frameworks */,
				5506A9E321AEC4FF0041965D /* Resources */,
			);
			buildRules = (
			);
			dependencies = (
			);
			name = sldeshowapp;
			productName = sldeshowapp;
			productReference = 5506A9E521AEC4FF0041965D /* sldeshowapp.app */;
			productType = "com.apple.product-type.application";
		};
/* End PBXNativeTarget section */

/* Begin PBXProject section */
		5506A9DD21AEC4FF0041965D /* Project object */ = {
			isa = PBXProject;
			attributes = {
				LastSwiftUpdateCheck = 0940;
				LastUpgradeCheck = 0940;
				ORGANIZATIONNAME = mikitaka.ichizawa;
				TargetAttributes = {
					5506A9E421AEC4FF0041965D = {
						CreatedOnToolsVersion = 9.4.1;
					};
				};
			};
			buildConfigurationList = 5506A9E021AEC4FF0041965D /* Build configuration list for PBXProject "sldeshowapp" */;
			compatibilityVersion = "Xcode 9.3";
			developmentRegion = en;
			hasScannedForEncodings = 0;
			knownRegions = (
				en,
				Base,
			);
			mainGroup = 5506A9DC21AEC4FF0041965D;
			productRefGroup = 5506A9E621AEC4FF0041965D /* Products */;
			projectDirPath = "";
			projectRoot = "";
			targets = (
				5506A9E421AEC4FF0041965D /* sldeshowapp */,
			);
		};
/* End PBXProject section */

/* Begin PBXResourcesBuildPhase section */
		5506A9E321AEC4FF0041965D /* Resources */ = {
			isa = PBXResourcesBuildPhase;
			buildActionMask = 2147483647;
			files = (
				5506A9FB21AEC5230041965D /* IMG_1305.jpg in Resources */,
				5506A9FF21AEC5330041965D /* IMG_1298.jpg in Resources */,
				5506A9FD21AEC52C0041965D /* IMG_1302.jpg in Resources */,
				5506A9F321AEC5010041965D /* LaunchScreen.storyboard in Resources */,
				5506A9F021AEC5010041965D /* Assets.xcassets in Resources */,
				5506A9EE21AEC4FF0041965D /* Main.storyboard in Resources */,
			);
			runOnlyForDeploymentPostprocessing = 0;
		};
/* End PBXResourcesBuildPhase section */

/* Begin PBXSourcesBuildPhase section */
		5506A9E121AEC4FF0041965D /* Sources */ = {
			isa = PBXSourcesBuildPhase;
			buildActionMask = 2147483647;
			files = (
				5506A9EB21AEC4FF0041965D /* ViewController.swift in Sources */,
				5506A9E921AEC4FF0041965D /* AppDelegate.swift in Sources */,
			);
			runOnlyForDeploymentPostprocessing = 0;
		};
/* End PBXSourcesBuildPhase section */

/* Begin PBXVariantGroup section */
		5506A9EC21AEC4FF0041965D /* Main.storyboard */ = {
			isa = PBXVariantGroup;
			children = (
				5506A9ED21AEC4FF0041965D /* Base */,
			);
			name = Main.storyboard;
			sourceTree = "<group>";
		};
		5506A9F121AEC5010041965D /* LaunchScreen.storyboard */ = {
			isa = PBXVariantGroup;
			children = (
				5506A9F221AEC5010041965D /* Base */,
			);
			name = LaunchScreen.storyboard;
			sourceTree = "<group>";
		};
/* End PBXVariantGroup section */

/* Begin XCBuildConfiguration section */
		5506A9F521AEC5010041965D /* Debug */ = {
			isa = XCBuildConfiguration;
			buildSettings = {
				ALWAYS_SEARCH_USER_PATHS = NO;
				CLANG_ANALYZER_NONNULL = YES;
				CLANG_ANALYZER_NUMBER_OBJECT_CONVERSION = YES_AGGRESSIVE;
				CLANG_CXX_LANGUAGE_STANDARD = "gnu++14";
				CLANG_CXX_LIBRARY = "libc++";
				CLANG_ENABLE_MODULES = YES;
				CLANG_ENABLE_OBJC_ARC = YES;
				CLANG_ENABLE_OBJC_WEAK = YES;
				CLANG_WARN_BLOCK_CAPTURE_AUTORELEASING = YES;
				CLANG_WARN_BOOL_CONVERSION = YES;
				CLANG_WARN_COMMA = YES;
				CLANG_WARN_CONSTANT_CONVERSION = YES;
				CLANG_WARN_DEPRECATED_OBJC_IMPLEMENTATIONS = YES;
				CLANG_WARN_DIRECT_OBJC_ISA_USAGE = YES_ERROR;
				CLANG_WARN_DOCUMENTATION_COMMENTS = YES;
				CLANG_WARN_EMPTY_BODY = YES;
				CLANG_WARN_ENUM_CONVERSION = YES;
				CLANG_WARN_INFINITE_RECURSION = YES;
				CLANG_WARN_INT_CONVERSION = YES;
				CLANG_WARN_NON_LITERAL_NULL_CONVERSION = YES;
				CLANG_WARN_OBJC_IMPLICIT_RETAIN_SELF = YES;
				CLANG_WARN_OBJC_LITERAL_CONVERSION = YES;
				CLANG_WARN_OBJC_ROOT_CLASS = YES_ERROR;
				CLANG_WARN_RANGE_LOOP_ANALYSIS = YES;
				CLANG_WARN_STRICT_PROTOTYPES = YES;
				CLANG_WARN_SUSPICIOUS_MOVE = YES;
				CLANG_WARN_UNGUARDED_AVAILABILITY = YES_AGGRESSIVE;
				CLANG_WARN_UNREACHABLE_CODE = YES;
				CLANG_WARN__DUPLICATE_METHOD_MATCH = YES;
				CODE_SIGN_IDENTITY = "iPhone Developer";
				COPY_PHASE_STRIP = NO;
				DEBUG_INFORMATION_FORMAT = dwarf;
				ENABLE_STRICT_OBJC_MSGSEND = YES;
				ENABLE_TESTABILITY = YES;
				GCC_C_LANGUAGE_STANDARD = gnu11;
				GCC_DYNAMIC_NO_PIC = NO;
				GCC_NO_COMMON_BLOCKS = YES;
				GCC_OPTIMIZATION_LEVEL = 0;
				GCC_PREPROCESSOR_DEFINITIONS = (
					"DEBUG=1",
					"$(inherited)",
				);
				GCC_WARN_64_TO_32_BIT_CONVERSION = YES;
				GCC_WARN_ABOUT_RETURN_TYPE = YES_ERROR;
				GCC_WARN_UNDECLARED_SELECTOR = YES;
				GCC_WARN_UNINITIALIZED_AUTOS = YES_AGGRESSIVE;
				GCC_WARN_UNUSED_FUNCTION = YES;
				GCC_WARN_UNUSED_VARIABLE = YES;
				IPHONEOS_DEPLOYMENT_TARGET = 11.4;
				MTL_ENABLE_DEBUG_INFO = YES;
				ONLY_ACTIVE_ARCH = YES;
				SDKROOT = iphoneos;
				SWIFT_ACTIVE_COMPILATION_CONDITIONS = DEBUG;
				SWIFT_OPTIMIZATION_LEVEL = "-Onone";
			};
			name = Debug;
		};
		5506A9F621AEC5010041965D /* Release */ = {
			isa = XCBuildConfiguration;
			buildSettings = {
				ALWAYS_SEARCH_USER_PATHS = NO;
				CLANG_ANALYZER_NONNULL = YES;
				CLANG_ANALYZER_NUMBER_OBJECT_CONVERSION = YES_AGGRESSIVE;
				CLANG_CXX_LANGUAGE_STANDARD = "gnu++14";
				CLANG_CXX_LIBRARY = "libc++";
				CLANG_ENABLE_MODULES = YES;
				CLANG_ENABLE_OBJC_ARC = YES;
				CLANG_ENABLE_OBJC_WEAK = YES;
				CLANG_WARN_BLOCK_CAPTURE_AUTORELEASING = YES;
				CLANG_WARN_BOOL_CONVERSION = YES;
				CLANG_WARN_COMMA = YES;
				CLANG_WARN_CONSTANT_CONVERSION = YES;
				CLANG_WARN_DEPRECATED_OBJC_IMPLEMENTATIONS = YES;
				CLANG_WARN_DIRECT_OBJC_ISA_USAGE = YES_ERROR;
				CLANG_WARN_DOCUMENTATION_COMMENTS = YES;
				CLANG_WARN_EMPTY_BODY = YES;
				CLANG_WARN_ENUM_CONVERSION = YES;
				CLANG_WARN_INFINITE_RECURSION = YES;
				CLANG_WARN_INT_CONVERSION = YES;
				CLANG_WARN_NON_LITERAL_NULL_CONVERSION = YES;
				CLANG_WARN_OBJC_IMPLICIT_RETAIN_SELF = YES;
				CLANG_WARN_OBJC_LITERAL_CONVERSION = YES;
				CLANG_WARN_OBJC_ROOT_CLASS = YES_ERROR;
				CLANG_WARN_RANGE_LOOP_ANALYSIS = YES;
				CLANG_WARN_STRICT_PROTOTYPES = YES;
				CLANG_WARN_SUSPICIOUS_MOVE = YES;
				CLANG_WARN_UNGUARDED_AVAILABILITY = YES_AGGRESSIVE;
				CLANG_WARN_UNREACHABLE_CODE = YES;
				CLANG_WARN__DUPLICATE_METHOD_MATCH = YES;
				CODE_SIGN_IDENTITY = "iPhone Developer";
				COPY_PHASE_STRIP = NO;
				DEBUG_INFORMATION_FORMAT = "dwarf-with-dsym";
				ENABLE_NS_ASSERTIONS = NO;
				ENABLE_STRICT_OBJC_MSGSEND = YES;
				GCC_C_LANGUAGE_STANDARD = gnu11;
				GCC_NO_COMMON_BLOCKS = YES;
				GCC_WARN_64_TO_32_BIT_CONVERSION = YES;
				GCC_WARN_ABOUT_RETURN_TYPE = YES_ERROR;
				GCC_WARN_UNDECLARED_SELECTOR = YES;
				GCC_WARN_UNINITIALIZED_AUTOS = YES_AGGRESSIVE;
				GCC_WARN_UNUSED_FUNCTION = YES;
				GCC_WARN_UNUSED_VARIABLE = YES;
				IPHONEOS_DEPLOYMENT_TARGET = 11.4;
				MTL_ENABLE_DEBUG_INFO = NO;
				SDKROOT = iphoneos;
				SWIFT_COMPILATION_MODE = wholemodule;
				SWIFT_OPTIMIZATION_LEVEL = "-O";
				VALIDATE_PRODUCT = YES;
			};
			name = Release;
		};
		5506A9F821AEC5010041965D /* Debug */ = {
			isa = XCBuildConfiguration;
			buildSettings = {
				ASSETCATALOG_COMPILER_APPICON_NAME = AppIcon;
				CODE_SIGN_STYLE = Automatic;
				INFOPLIST_FILE = sldeshowapp/Info.plist;
				LD_RUNPATH_SEARCH_PATHS = (
					"$(inherited)",
					"@executable_path/Frameworks",
				);
				PRODUCT_BUNDLE_IDENTIFIER = jp.techacademy.mikitaka.ichizawa.sldeshowapp;
				PRODUCT_NAME = "$(TARGET_NAME)";
				SWIFT_VERSION = 4.0;
				TARGETED_DEVICE_FAMILY = "1,2";
			};
			name = Debug;
		};
		5506A9F921AEC5010041965D /* Release */ = {
			isa = XCBuildConfiguration;
			buildSettings = {
				ASSETCATALOG_COMPILER_APPICON_NAME = AppIcon;
				CODE_SIGN_STYLE = Automatic;
				INFOPLIST_FILE = sldeshowapp/Info.plist;
				LD_RUNPATH_SEARCH_PATHS = (
					"$(inherited)",
					"@executable_path/Frameworks",
				);
				PRODUCT_BUNDLE_IDENTIFIER = jp.techacademy.mikitaka.ichizawa.sldeshowapp;
				PRODUCT_NAME = "$(TARGET_NAME)";
				SWIFT_VERSION = 4.0;
				TARGETED_DEVICE_FAMILY = "1,2";
			};
			name = Release;
		};
/* End XCBuildConfiguration section */

/* Begin XCConfigurationList section */
		5506A9E021AEC4FF0041965D /* Build configuration list for PBXProject "sldeshowapp" */ = {
			isa = XCConfigurationList;
			buildConfigurations = (
				5506A9F521AEC5010041965D /* Debug */,
				5506A9F621AEC5010041965D /* Release */,
			);
			defaultConfigurationIsVisible = 0;
			defaultConfigurationName = Release;
		};
		5506A9F721AEC5010041965D /* Build configuration list for PBXNativeTarget "sldeshowapp" */ = {
			isa = XCConfigurationList;
			buildConfigurations = (
				5506A9F821AEC5010041965D /* Debug */,
				5506A9F921AEC5010041965D /* Release */,
			);
			defaultConfigurationIsVisible = 0;
			defaultConfigurationName = Release;
		};
/* End XCConfigurationList section */
	};
	rootObject = 5506A9DD21AEC4FF0041965D /* Project object */;
}
